
Microsoft Visual Studio Solution File, Format Version 12.00
# Visual Studio 15
VisualStudioVersion = 15.0.27703.2026
MinimumVisualStudioVersion = 10.0.40219.1
Project("{FAE04EC0-301F-11D3-BF4B-00C04F79EFBC}") = "FirstResponsiveWebAppLastName", "FirstResponsiveWebAppLastName\FirstResponsiveWebAppLastName.csproj", "{BF91BAE8-9D79-4B6C-AB9F-143DF2F60F54}"
EndProject
Global
	GlobalSection(SolutionConfigurationPlatforms) = preSolution
		Debug|Any CPU = Debug|Any CPU
		Release|Any CPU = Release|Any CPU
	EndGlobalSection
	GlobalSection(ProjectConfigurationPlatforms) = postSolution
		{BF91BAE8-9D79-4B6C-AB9F-143DF2F60F54}.Debug|Any CPU.ActiveCfg = Debug|Any CPU
		{BF91BAE8-9D79-4B6C-AB9F-143DF2F60F54}.Debug|Any CPU.Build.0 = Debug|Any CPU
		{BF91BAE8-9D79-4B6C-AB9F-143DF2F60F54}.Release|Any CPU.ActiveCfg = Release|Any CPU
		{BF91BAE8-9D79-4B6C-AB9F-143DF2F60F54}.Release|Any CPU.Build.0 = Release|Any CPU
	EndGlobalSection
	GlobalSection(SolutionProperties) = preSolution
		HideSolutionNode = FALSE
	EndGlobalSection
	GlobalSection(ExtensibilityGlobals) = postSolution
		SolutionGuid = {D8468C06-2A96-4E44-B60A-AC45A1606035}
	EndGlobalSection
EndGlobal
